
Microsoft Visual Studio Solution File, Format Version 12.00
# Visual Studio Version 17
VisualStudioVersion = 17.5.33516.290
MinimumVisualStudioVersion = 10.0.40219.1
Project("{9A19103F-16F7-4668-BE54-9A1E7A4F7556}") = "Cars.Web", "Cars.Web.csproj", "{C5E5F046-2146-4B66-A694-0087CBC01E09}"
EndProject
Project("{9A19103F-16F7-4668-BE54-9A1E7A4F7556}") = "Cars.Infrastructure", "..\Cars.Infrastructure\Cars.Infrastructure.csproj", "{F7A723A7-2C8E-4B26-A92F-120EFF725F29}"
EndProject
Project("{9A19103F-16F7-4668-BE54-9A1E7A4F7556}") = "Cars.Core", "..\Cars.Core\Cars.Core.csproj", "{B68D23F1-49FF-4AEC-BEAA-A7C3A2AA6800}"
EndProject
Global
	GlobalSection(SolutionConfigurationPlatforms) = preSolution
		Debug|Any CPU = Debug|Any CPU
		Release|Any CPU = Release|Any CPU
	EndGlobalSection
	GlobalSection(ProjectConfigurationPlatforms) = postSolution
		{C5E5F046-2146-4B66-A694-0087CBC01E09}.Debug|Any CPU.ActiveCfg = Debug|Any CPU
		{C5E5F046-2146-4B66-A694-0087CBC01E09}.Debug|Any CPU.Build.0 = Debug|Any CPU
		{C5E5F046-2146-4B66-A694-0087CBC01E09}.Release|Any CPU.ActiveCfg = Release|Any CPU
		{C5E5F046-2146-4B66-A694-0087CBC01E09}.Release|Any CPU.Build.0 = Release|Any CPU
		{F7A723A7-2C8E-4B26-A92F-120EFF725F29}.Debug|Any CPU.ActiveCfg = Debug|Any CPU
		{F7A723A7-2C8E-4B26-A92F-120EFF725F29}.Debug|Any CPU.Build.0 = Debug|Any CPU
		{F7A723A7-2C8E-4B26-A92F-120EFF725F29}.Release|Any CPU.ActiveCfg = Release|Any CPU
		{F7A723A7-2C8E-4B26-A92F-120EFF725F29}.Release|Any CPU.Build.0 = Release|Any CPU
		{B68D23F1-49FF-4AEC-BEAA-A7C3A2AA6800}.Debug|Any CPU.ActiveCfg = Debug|Any CPU
		{B68D23F1-49FF-4AEC-BEAA-A7C3A2AA6800}.Debug|Any CPU.Build.0 = Debug|Any CPU
		{B68D23F1-49FF-4AEC-BEAA-A7C3A2AA6800}.Release|Any CPU.ActiveCfg = Release|Any CPU
		{B68D23F1-49FF-4AEC-BEAA-A7C3A2AA6800}.Release|Any CPU.Build.0 = Release|Any CPU
	EndGlobalSection
	GlobalSection(SolutionProperties) = preSolution
		HideSolutionNode = FALSE
	EndGlobalSection
	GlobalSection(ExtensibilityGlobals) = postSolution
		SolutionGuid = {6179C4DF-67E8-438F-AD1B-E3BFB5C33CD5}
	EndGlobalSection
EndGlobal
