
Microsoft Visual Studio Solution File, Format Version 12.00
# Visual Studio Version 17
VisualStudioVersion = 17.5.33516.290
MinimumVisualStudioVersion = 10.0.40219.1
Project("{FAE04EC0-301F-11D3-BF4B-00C04F79EFBC}") = "ChatApp", "ChatApp.csproj", "{73BA17C1-3B1C-41B1-8132-BB02CF49291A}"
EndProject
Global
	GlobalSection(SolutionConfigurationPlatforms) = preSolution
		Debug|Any CPU = Debug|Any CPU
		Release|Any CPU = Release|Any CPU
	EndGlobalSection
	GlobalSection(ProjectConfigurationPlatforms) = postSolution
		{73BA17C1-3B1C-41B1-8132-BB02CF49291A}.Debug|Any CPU.ActiveCfg = Debug|Any CPU
		{73BA17C1-3B1C-41B1-8132-BB02CF49291A}.Debug|Any CPU.Build.0 = Debug|Any CPU
		{73BA17C1-3B1C-41B1-8132-BB02CF49291A}.Release|Any CPU.ActiveCfg = Release|Any CPU
		{73BA17C1-3B1C-41B1-8132-BB02CF49291A}.Release|Any CPU.Build.0 = Release|Any CPU
	EndGlobalSection
	GlobalSection(SolutionProperties) = preSolution
		HideSolutionNode = FALSE
	EndGlobalSection
	GlobalSection(ExtensibilityGlobals) = postSolution
		SolutionGuid = {4E6A8121-A452-4397-AC1C-93E77BD2611E}
	EndGlobalSection
EndGlobal
