
Microsoft Visual Studio Solution File, Format Version 12.00
# Visual Studio Version 17
VisualStudioVersion = 17.5.33516.290
MinimumVisualStudioVersion = 10.0.40219.1
Project("{FAE04EC0-301F-11D3-BF4B-00C04F79EFBC}") = "AspNetCoreDemo", "AspNetCoreDemo\AspNetCoreDemo.csproj", "{01BB36D1-D229-4EF9-86CF-9909860B6729}"
EndProject
Global
	GlobalSection(SolutionConfigurationPlatforms) = preSolution
		Debug|Any CPU = Debug|Any CPU
		Release|Any CPU = Release|Any CPU
	EndGlobalSection
	GlobalSection(ProjectConfigurationPlatforms) = postSolution
		{01BB36D1-D229-4EF9-86CF-9909860B6729}.Debug|Any CPU.ActiveCfg = Debug|Any CPU
		{01BB36D1-D229-4EF9-86CF-9909860B6729}.Debug|Any CPU.Build.0 = Debug|Any CPU
		{01BB36D1-D229-4EF9-86CF-9909860B6729}.Release|Any CPU.ActiveCfg = Release|Any CPU
		{01BB36D1-D229-4EF9-86CF-9909860B6729}.Release|Any CPU.Build.0 = Release|Any CPU
	EndGlobalSection
	GlobalSection(SolutionProperties) = preSolution
		HideSolutionNode = FALSE
	EndGlobalSection
	GlobalSection(ExtensibilityGlobals) = postSolution
		SolutionGuid = {B368DC33-3F91-4B9A-BC3A-1C6D5B951ECB}
	EndGlobalSection
EndGlobal
